// !$*UTF8*$!
{
	archiveVersion = 1;
	classes = {
	};
	objectVersion = 77;
	objects = {

/* Begin PBXBuildFile section */
		DA8ACB0A2E8D60FF00AB8C8A /* FirebaseAI in Frameworks */ = {isa = PBXBuildFile; productRef = DA8ACB092E8D60FF00AB8C8A /* FirebaseAI */; };
		DA8ACB0C2E8D60FF00AB8C8A /* FirebaseAnalytics in Frameworks */ = {isa = PBXBuildFile; productRef = DA8ACB0B2E8D60FF00AB8C8A /* FirebaseAnalytics */; };
		DA8ACB0E2E8D60FF00AB8C8A /* FirebaseAuth in Frameworks */ = {isa = PBXBuildFile; productRef = DA8ACB0D2E8D60FF00AB8C8A /* FirebaseAuth */; };
		DA8ACB102E8D60FF00AB8C8A /* FirebaseAuthCombine-Community in Frameworks */ = {isa = PBXBuildFile; productRef = DA8ACB0F2E8D60FF00AB8C8A /* FirebaseAuthCombine-Community */; };
		DA8ACB122E8D60FF00AB8C8A /* FirebaseCore in Frameworks */ = {isa = PBXBuildFile; productRef = DA8ACB112E8D60FF00AB8C8A /* FirebaseCore */; };
		DA8ACB142E8D60FF00AB8C8A /* FirebaseCrashlytics in Frameworks */ = {isa = PBXBuildFile; productRef = DA8ACB132E8D60FF00AB8C8A /* FirebaseCrashlytics */; };
		DA8ACB162E8D60FF00AB8C8A /* FirebaseDatabase in Frameworks */ = {isa = PBXBuildFile; productRef = DA8ACB152E8D60FF00AB8C8A /* FirebaseDatabase */; };
		DA8ACB182E8D60FF00AB8C8A /* FirebaseFirestore in Frameworks */ = {isa = PBXBuildFile; productRef = DA8ACB172E8D60FF00AB8C8A /* FirebaseFirestore */; };
		DA8ACB1A2E8D60FF00AB8C8A /* FirebaseFunctions in Frameworks */ = {isa = PBXBuildFile; productRef = DA8ACB192E8D60FF00AB8C8A /* FirebaseFunctions */; };
		DA8ACB1C2E8D60FF00AB8C8A /* FirebaseInAppMessaging-Beta in Frameworks */ = {isa = PBXBuildFile; productRef = DA8ACB1B2E8D60FF00AB8C8A /* FirebaseInAppMessaging-Beta */; };
/* End PBXBuildFile section */

/* Begin PBXFileReference section */
		5956673F2E76CF6300EA3FEF /* lahjtna.app */ = {isa = PBXFileReference; explicitFileType = wrapper.application; includeInIndex = 0; path = lahjtna.app; sourceTree = BUILT_PRODUCTS_DIR; };
		DA8ACB8D2E94CDFD00AB8C8A /* lahjtna-Info.plist */ = {isa = PBXFileReference; lastKnownFileType = text.plist; path = "lahjtna-Info.plist"; sourceTree = "<group>"; };
/* End PBXFileReference section */

/* Begin PBXFileSystemSynchronizedRootGroup section */
		595667412E76CF6300EA3FEF /* lahjtna v3 */ = {
			isa = PBXFileSystemSynchronizedRootGroup;
			path = "lahjtna v3";
			sourceTree = "<group>";
		};
/* End PBXFileSystemSynchronizedRootGroup section */

/* Begin PBXFrameworksBuildPhase section */
		5956673C2E76CF6300EA3FEF /* Frameworks */ = {
			isa = PBXFrameworksBuildPhase;
			buildActionMask = 2147483647;
			files = (
				DA8ACB0C2E8D60FF00AB8C8A /* FirebaseAnalytics in Frameworks */,
				DA8ACB122E8D60FF00AB8C8A /* FirebaseCore in Frameworks */,
				DA8ACB0E2E8D60FF00AB8C8A /* FirebaseAuth in Frameworks */,
				DA8ACB1A2E8D60FF00AB8C8A /* FirebaseFunctions in Frameworks */,
				DA8ACB142E8D60FF00AB8C8A /* FirebaseCrashlytics in Frameworks */,
				DA8ACB0A2E8D60FF00AB8C8A /* FirebaseAI in Frameworks */,
				DA8ACB182E8D60FF00AB8C8A /* FirebaseFirestore in Frameworks */,
				DA8ACB162E8D60FF00AB8C8A /* FirebaseDatabase in Frameworks */,
				DA8ACB102E8D60FF00AB8C8A /* FirebaseAuthCombine-Community in Frameworks */,
				DA8ACB1C2E8D60FF00AB8C8A /* FirebaseInAppMessaging-Beta in Frameworks */,
			);
			runOnlyForDeploymentPostprocessing = 0;
		};
/* End PBXFrameworksBuildPhase section */

/* Begin PBXGroup section */
		595667362E76CF6300EA3FEF = {
			isa = PBXGroup;
			children = (
				DA8ACB8D2E94CDFD00AB8C8A /* lahjtna-Info.plist */,
				595667412E76CF6300EA3FEF /* lahjtna v3 */,
				595667402E76CF6300EA3FEF /* Products */,
			);
			sourceTree = "<group>";
		};
		595667402E76CF6300EA3FEF /* Products */ = {
			isa = PBXGroup;
			children = (
				5956673F2E76CF6300EA3FEF /* lahjtna.app */,
			);
			name = Products;
			sourceTree = "<group>";
		};
/* End PBXGroup section */

/* Begin PBXNativeTarget section */
		5956673E2E76CF6300EA3FEF /* lahjtna */ = {
			isa = PBXNativeTarget;
			buildConfigurationList = 5956674A2E76CF6500EA3FEF /* Build configuration list for PBXNativeTarget "lahjtna" */;
			buildPhases = (
				5956673B2E76CF6300EA3FEF /* Sources */,
				5956673C2E76CF6300EA3FEF /* Frameworks */,
				5956673D2E76CF6300EA3FEF /* Resources */,
			);
			buildRules = (
			);
			dependencies = (
			);
			fileSystemSynchronizedGroups = (
				595667412E76CF6300EA3FEF /* lahjtna v3 */,
			);
			name = lahjtna;
			packageProductDependencies = (
				DA8ACB092E8D60FF00AB8C8A /* FirebaseAI */,
				DA8ACB0B2E8D60FF00AB8C8A /* FirebaseAnalytics */,
				DA8ACB0D2E8D60FF00AB8C8A /* FirebaseAuth */,
				DA8ACB0F2E8D60FF00AB8C8A /* FirebaseAuthCombine-Community */,
				DA8ACB112E8D60FF00AB8C8A /* FirebaseCore */,
				DA8ACB132E8D60FF00AB8C8A /* FirebaseCrashlytics */,
				DA8ACB152E8D60FF00AB8C8A /* FirebaseDatabase */,
				DA8ACB172E8D60FF00AB8C8A /* FirebaseFirestore */,
				DA8ACB192E8D60FF00AB8C8A /* FirebaseFunctions */,
				DA8ACB1B2E8D60FF00AB8C8A /* FirebaseInAppMessaging-Beta */,
			);
			productName = lahjtna;
			productReference = 5956673F2E76CF6300EA3FEF /* lahjtna.app */;
			productType = "com.apple.product-type.application";
		};
/* End PBXNativeTarget section */

/* Begin PBXProject section */
		595667372E76CF6300EA3FEF /* Project object */ = {
			isa = PBXProject;
			attributes = {
				BuildIndependentTargetsInParallel = 1;
				LastSwiftUpdateCheck = 1640;
				LastUpgradeCheck = 2600;
				TargetAttributes = {
					5956673E2E76CF6300EA3FEF = {
						CreatedOnToolsVersion = 16.4;
					};
				};
			};
			buildConfigurationList = 5956673A2E76CF6300EA3FEF /* Build configuration list for PBXProject "lahjtna v3" */;
			developmentRegion = en;
			hasScannedForEncodings = 0;
			knownRegions = (
				en,
				Base,
			);
			mainGroup = 595667362E76CF6300EA3FEF;
			minimizedProjectReferenceProxies = 1;
			packageReferences = (
				DA8ACB082E8D60FF00AB8C8A /* XCRemoteSwiftPackageReference "firebase-ios-sdk" */,
			);
			preferredProjectObjectVersion = 77;
			productRefGroup = 595667402E76CF6300EA3FEF /* Products */;
			projectDirPath = "";
			projectRoot = "";
			targets = (
				5956673E2E76CF6300EA3FEF /* lahjtna */,
			);
		};
/* End PBXProject section */

/* Begin PBXResourcesBuildPhase section */
		5956673D2E76CF6300EA3FEF /* Resources */ = {
			isa = PBXResourcesBuildPhase;
			buildActionMask = 2147483647;
			files = (
			);
			runOnlyForDeploymentPostprocessing = 0;
		};
/* End PBXResourcesBuildPhase section */

/* Begin PBXSourcesBuildPhase section */
		5956673B2E76CF6300EA3FEF /* Sources */ = {
			isa = PBXSourcesBuildPhase;
			buildActionMask = 2147483647;
			files = (
			);
			runOnlyForDeploymentPostprocessing = 0;
		};
/* End PBXSourcesBuildPhase section */

/* Begin XCBuildConfiguration section */
		595667482E76CF6500EA3FEF /* Debug */ = {
			isa = XCBuildConfiguration;
			buildSettings = {
				ALWAYS_SEARCH_USER_PATHS = NO;
				ASSETCATALOG_COMPILER_GENERATE_SWIFT_ASSET_SYMBOL_EXTENSIONS = YES;
				CLANG_ANALYZER_NONNULL = YES;
				CLANG_ANALYZER_NUMBER_OBJECT_CONVERSION = YES_AGGRESSIVE;
				CLANG_CXX_LANGUAGE_STANDARD = "gnu++20";
				CLANG_ENABLE_MODULES = YES;
				CLANG_ENABLE_OBJC_ARC = YES;
				CLANG_ENABLE_OBJC_WEAK = YES;
				CLANG_WARN_BLOCK_CAPTURE_AUTORELEASING = YES;
				CLANG_WARN_BOOL_CONVERSION = YES;
				CLANG_WARN_COMMA = YES;
				CLANG_WARN_CONSTANT_CONVERSION = YES;
				CLANG_WARN_DEPRECATED_OBJC_IMPLEMENTATIONS = YES;
				CLANG_WARN_DIRECT_OBJC_ISA_USAGE = YES_ERROR;
				CLANG_WARN_DOCUMENTATION_COMMENTS = YES;
				CLANG_WARN_EMPTY_BODY = YES;
				CLANG_WARN_ENUM_CONVERSION = YES;
				CLANG_WARN_INFINITE_RECURSION = YES;
				CLANG_WARN_INT_CONVERSION = YES;
				CLANG_WARN_NON_LITERAL_NULL_CONVERSION = YES;
				CLANG_WARN_OBJC_IMPLICIT_RETAIN_SELF = YES;
				CLANG_WARN_OBJC_LITERAL_CONVERSION = YES;
				CLANG_WARN_OBJC_ROOT_CLASS = YES_ERROR;
				CLANG_WARN_QUOTED_INCLUDE_IN_FRAMEWORK_HEADER = YES;
				CLANG_WARN_RANGE_LOOP_ANALYSIS = YES;
				CLANG_WARN_STRICT_PROTOTYPES = YES;
				CLANG_WARN_SUSPICIOUS_MOVE = YES;
				CLANG_WARN_UNGUARDED_AVAILABILITY = YES_AGGRESSIVE;
				CLANG_WARN_UNREACHABLE_CODE = YES;
				CLANG_WARN__DUPLICATE_METHOD_MATCH = YES;
				COPY_PHASE_STRIP = NO;
				DEBUG_INFORMATION_FORMAT = dwarf;
				DEVELOPMENT_TEAM = Q9AG8LW39V;
				ENABLE_STRICT_OBJC_MSGSEND = YES;
				ENABLE_TESTABILITY = YES;
				ENABLE_USER_SCRIPT_SANDBOXING = YES;
				GCC_C_LANGUAGE_STANDARD = gnu17;
				GCC_DYNAMIC_NO_PIC = NO;
				GCC_NO_COMMON_BLOCKS = YES;
				GCC_OPTIMIZATION_LEVEL = 0;
				GCC_PREPROCESSOR_DEFINITIONS = (
					"DEBUG=1",
					"$(inherited)",
				);
				GCC_WARN_64_TO_32_BIT_CONVERSION = YES;
				GCC_WARN_ABOUT_RETURN_TYPE = YES_ERROR;
				GCC_WARN_UNDECLARED_SELECTOR = YES;
				GCC_WARN_UNINITIALIZED_AUTOS = YES_AGGRESSIVE;
				GCC_WARN_UNUSED_FUNCTION = YES;
				GCC_WARN_UNUSED_VARIABLE = YES;
				IPHONEOS_DEPLOYMENT_TARGET = 18.0;
				LOCALIZATION_PREFERS_STRING_CATALOGS = YES;
				MTL_ENABLE_DEBUG_INFO = INCLUDE_SOURCE;
				MTL_FAST_MATH = YES;
				ONLY_ACTIVE_ARCH = YES;
				SDKROOT = iphoneos;
				STRING_CATALOG_GENERATE_SYMBOLS = YES;
				SWIFT_ACTIVE_COMPILATION_CONDITIONS = "DEBUG $(inherited)";
				SWIFT_OPTIMIZATION_LEVEL = "-Onone";
			};
			name = Debug;
		};
		595667492E76CF6500EA3FEF /* Release */ = {
			isa = XCBuildConfiguration;
			buildSettings = {
				ALWAYS_SEARCH_USER_PATHS = NO;
				ASSETCATALOG_COMPILER_GENERATE_SWIFT_ASSET_SYMBOL_EXTENSIONS = YES;
				CLANG_ANALYZER_NONNULL = YES;
				CLANG_ANALYZER_NUMBER_OBJECT_CONVERSION = YES_AGGRESSIVE;
				CLANG_CXX_LANGUAGE_STANDARD = "gnu++20";
				CLANG_ENABLE_MODULES = YES;
				CLANG_ENABLE_OBJC_ARC = YES;
				CLANG_ENABLE_OBJC_WEAK = YES;
				CLANG_WARN_BLOCK_CAPTURE_AUTORELEASING = YES;
				CLANG_WARN_BOOL_CONVERSION = YES;
				CLANG_WARN_COMMA = YES;
				CLANG_WARN_CONSTANT_CONVERSION = YES;
				CLANG_WARN_DEPRECATED_OBJC_IMPLEMENTATIONS = YES;
				CLANG_WARN_DIRECT_OBJC_ISA_USAGE = YES_ERROR;
				CLANG_WARN_DOCUMENTATION_COMMENTS = YES;
				CLANG_WARN_EMPTY_BODY = YES;
				CLANG_WARN_ENUM_CONVERSION = YES;
				CLANG_WARN_INFINITE_RECURSION = YES;
				CLANG_WARN_INT_CONVERSION = YES;
				CLANG_WARN_NON_LITERAL_NULL_CONVERSION = YES;
				CLANG_WARN_OBJC_IMPLICIT_RETAIN_SELF = YES;
				CLANG_WARN_OBJC_LITERAL_CONVERSION = YES;
				CLANG_WARN_OBJC_ROOT_CLASS = YES_ERROR;
				CLANG_WARN_QUOTED_INCLUDE_IN_FRAMEWORK_HEADER = YES;
				CLANG_WARN_RANGE_LOOP_ANALYSIS = YES;
				CLANG_WARN_STRICT_PROTOTYPES = YES;
				CLANG_WARN_SUSPICIOUS_MOVE = YES;
				CLANG_WARN_UNGUARDED_AVAILABILITY = YES_AGGRESSIVE;
				CLANG_WARN_UNREACHABLE_CODE = YES;
				CLANG_WARN__DUPLICATE_METHOD_MATCH = YES;
				COPY_PHASE_STRIP = NO;
				DEBUG_INFORMATION_FORMAT = "dwarf-with-dsym";
				DEVELOPMENT_TEAM = Q9AG8LW39V;
				ENABLE_NS_ASSERTIONS = NO;
				ENABLE_STRICT_OBJC_MSGSEND = YES;
				ENABLE_USER_SCRIPT_SANDBOXING = YES;
				GCC_C_LANGUAGE_STANDARD = gnu17;
				GCC_NO_COMMON_BLOCKS = YES;
				GCC_WARN_64_TO_32_BIT_CONVERSION = YES;
				GCC_WARN_ABOUT_RETURN_TYPE = YES_ERROR;
				GCC_WARN_UNDECLARED_SELECTOR = YES;
				GCC_WARN_UNINITIALIZED_AUTOS = YES_AGGRESSIVE;
				GCC_WARN_UNUSED_FUNCTION = YES;
				GCC_WARN_UNUSED_VARIABLE = YES;
				IPHONEOS_DEPLOYMENT_TARGET = 18.0;
				LOCALIZATION_PREFERS_STRING_CATALOGS = YES;
				MTL_ENABLE_DEBUG_INFO = NO;
				MTL_FAST_MATH = YES;
				SDKROOT = iphoneos;
				STRING_CATALOG_GENERATE_SYMBOLS = YES;
				SWIFT_COMPILATION_MODE = wholemodule;
				VALIDATE_PRODUCT = YES;
			};
			name = Release;
		};
		5956674B2E76CF6500EA3FEF /* Debug */ = {
			isa = XCBuildConfiguration;
			buildSettings = {
				ASSETCATALOG_COMPILER_APPICON_NAME = AppIcon;
				ASSETCATALOG_COMPILER_GLOBAL_ACCENT_COLOR_NAME = AccentColor;
				CODE_SIGN_STYLE = Automatic;
				CURRENT_PROJECT_VERSION = 1;
				DEVELOPMENT_TEAM = AZ2Z45KUYU;
				ENABLE_PREVIEWS = YES;
				GENERATE_INFOPLIST_FILE = YES;
				INFOPLIST_FILE = "lahjtna-Info.plist";
				INFOPLIST_KEY_LSApplicationCategoryType = "public.app-category.education";
				INFOPLIST_KEY_NSMicrophoneUsageDescription = "we need this";
				INFOPLIST_KEY_NSSpeechRecognitionUsageDescription = "This app uses speech recognition to check your pronunciation.";
				INFOPLIST_KEY_UIApplicationSceneManifest_Generation = YES;
				INFOPLIST_KEY_UIApplicationSupportsIndirectInputEvents = YES;
				INFOPLIST_KEY_UILaunchScreen_Generation = YES;
				INFOPLIST_KEY_UISupportedInterfaceOrientations_iPad = "UIInterfaceOrientationPortrait UIInterfaceOrientationPortraitUpsideDown UIInterfaceOrientationLandscapeLeft UIInterfaceOrientationLandscapeRight";
				INFOPLIST_KEY_UISupportedInterfaceOrientations_iPhone = "UIInterfaceOrientationPortrait UIInterfaceOrientationLandscapeLeft UIInterfaceOrientationLandscapeRight";
				IPHONEOS_DEPLOYMENT_TARGET = 18.0;
				LD_RUNPATH_SEARCH_PATHS = (
					"$(inherited)",
					"@executable_path/Frameworks",
				);
				MARKETING_VERSION = 1.0;
				PRODUCT_BUNDLE_IDENTIFIER = sadia.saw.Lahjatna1.0;
				PRODUCT_NAME = "$(TARGET_NAME)";
				SUPPORTED_PLATFORMS = "iphoneos iphonesimulator";
				SUPPORTS_MACCATALYST = NO;
				SUPPORTS_MAC_DESIGNED_FOR_IPHONE_IPAD = NO;
				SUPPORTS_XR_DESIGNED_FOR_IPHONE_IPAD = NO;
				SWIFT_EMIT_LOC_STRINGS = YES;
				SWIFT_VERSION = 5.0;
				TARGETED_DEVICE_FAMILY = 1;
			};
			name = Debug;
		};
		5956674C2E76CF6500EA3FEF /* Release */ = {
			isa = XCBuildConfiguration;
			buildSettings = {
				ASSETCATALOG_COMPILER_APPICON_NAME = AppIcon;
				ASSETCATALOG_COMPILER_GLOBAL_ACCENT_COLOR_NAME = AccentColor;
				CODE_SIGN_STYLE = Automatic;
				CURRENT_PROJECT_VERSION = 1;
				DEVELOPMENT_TEAM = AZ2Z45KUYU;
				ENABLE_PREVIEWS = YES;
				GENERATE_INFOPLIST_FILE = YES;
				INFOPLIST_FILE = "lahjtna-Info.plist";
				INFOPLIST_KEY_LSApplicationCategoryType = "public.app-category.education";
				INFOPLIST_KEY_NSMicrophoneUsageDescription = "we need this";
				INFOPLIST_KEY_NSSpeechRecognitionUsageDescription = "This app uses speech recognition to check your pronunciation.";
				INFOPLIST_KEY_UIApplicationSceneManifest_Generation = YES;
				INFOPLIST_KEY_UIApplicationSupportsIndirectInputEvents = YES;
				INFOPLIST_KEY_UILaunchScreen_Generation = YES;
				INFOPLIST_KEY_UISupportedInterfaceOrientations_iPad = "UIInterfaceOrientationPortrait UIInterfaceOrientationPortraitUpsideDown UIInterfaceOrientationLandscapeLeft UIInterfaceOrientationLandscapeRight";
				INFOPLIST_KEY_UISupportedInterfaceOrientations_iPhone = "UIInterfaceOrientationPortrait UIInterfaceOrientationLandscapeLeft UIInterfaceOrientationLandscapeRight";
				IPHONEOS_DEPLOYMENT_TARGET = 18.0;
				LD_RUNPATH_SEARCH_PATHS = (
					"$(inherited)",
					"@executable_path/Frameworks",
				);
				MARKETING_VERSION = 1.0;
				PRODUCT_BUNDLE_IDENTIFIER = sadia.saw.Lahjatna1.0;
				PRODUCT_NAME = "$(TARGET_NAME)";
				SUPPORTED_PLATFORMS = "iphoneos iphonesimulator";
				SUPPORTS_MACCATALYST = NO;
				SUPPORTS_MAC_DESIGNED_FOR_IPHONE_IPAD = NO;
				SUPPORTS_XR_DESIGNED_FOR_IPHONE_IPAD = NO;
				SWIFT_EMIT_LOC_STRINGS = YES;
				SWIFT_VERSION = 5.0;
				TARGETED_DEVICE_FAMILY = 1;
			};
			name = Release;
		};
/* End XCBuildConfiguration section */

/* Begin XCConfigurationList section */
		5956673A2E76CF6300EA3FEF /* Build configuration list for PBXProject "lahjtna v3" */ = {
			isa = XCConfigurationList;
			buildConfigurations = (
				595667482E76CF6500EA3FEF /* Debug */,
				595667492E76CF6500EA3FEF /* Release */,
			);
			defaultConfigurationIsVisible = 0;
			defaultConfigurationName = Release;
		};
		5956674A2E76CF6500EA3FEF /* Build configuration list for PBXNativeTarget "lahjtna" */ = {
			isa = XCConfigurationList;
			buildConfigurations = (
				5956674B2E76CF6500EA3FEF /* Debug */,
				5956674C2E76CF6500EA3FEF /* Release */,
			);
			defaultConfigurationIsVisible = 0;
			defaultConfigurationName = Release;
		};
/* End XCConfigurationList section */

/* Begin XCRemoteSwiftPackageReference section */
		DA8ACB082E8D60FF00AB8C8A /* XCRemoteSwiftPackageReference "firebase-ios-sdk" */ = {
			isa = XCRemoteSwiftPackageReference;
			repositoryURL = "https://github.com/firebase/firebase-ios-sdk";
			requirement = {
				kind = upToNextMajorVersion;
				minimumVersion = 12.3.0;
			};
		};
/* End XCRemoteSwiftPackageReference section */

/* Begin XCSwiftPackageProductDependency section */
		DA8ACB092E8D60FF00AB8C8A /* FirebaseAI */ = {
			isa = XCSwiftPackageProductDependency;
			package = DA8ACB082E8D60FF00AB8C8A /* XCRemoteSwiftPackageReference "firebase-ios-sdk" */;
			productName = FirebaseAI;
		};
		DA8ACB0B2E8D60FF00AB8C8A /* FirebaseAnalytics */ = {
			isa = XCSwiftPackageProductDependency;
			package = DA8ACB082E8D60FF00AB8C8A /* XCRemoteSwiftPackageReference "firebase-ios-sdk" */;
			productName = FirebaseAnalytics;
		};
		DA8ACB0D2E8D60FF00AB8C8A /* FirebaseAuth */ = {
			isa = XCSwiftPackageProductDependency;
			package = DA8ACB082E8D60FF00AB8C8A /* XCRemoteSwiftPackageReference "firebase-ios-sdk" */;
			productName = FirebaseAuth;
		};
		DA8ACB0F2E8D60FF00AB8C8A /* FirebaseAuthCombine-Community */ = {
			isa = XCSwiftPackageProductDependency;
			package = DA8ACB082E8D60FF00AB8C8A /* XCRemoteSwiftPackageReference "firebase-ios-sdk" */;
			productName = "FirebaseAuthCombine-Community";
		};
		DA8ACB112E8D60FF00AB8C8A /* FirebaseCore */ = {
			isa = XCSwiftPackageProductDependency;
			package = DA8ACB082E8D60FF00AB8C8A /* XCRemoteSwiftPackageReference "firebase-ios-sdk" */;
			productName = FirebaseCore;
		};
		DA8ACB132E8D60FF00AB8C8A /* FirebaseCrashlytics */ = {
			isa = XCSwiftPackageProductDependency;
			package = DA8ACB082E8D60FF00AB8C8A /* XCRemoteSwiftPackageReference "firebase-ios-sdk" */;
			productName = FirebaseCrashlytics;
		};
		DA8ACB152E8D60FF00AB8C8A /* FirebaseDatabase */ = {
			isa = XCSwiftPackageProductDependency;
			package = DA8ACB082E8D60FF00AB8C8A /* XCRemoteSwiftPackageReference "firebase-ios-sdk" */;
			productName = FirebaseDatabase;
		};
		DA8ACB172E8D60FF00AB8C8A /* FirebaseFirestore */ = {
			isa = XCSwiftPackageProductDependency;
			package = DA8ACB082E8D60FF00AB8C8A /* XCRemoteSwiftPackageReference "firebase-ios-sdk" */;
			productName = FirebaseFirestore;
		};
		DA8ACB192E8D60FF00AB8C8A /* FirebaseFunctions */ = {
			isa = XCSwiftPackageProductDependency;
			package = DA8ACB082E8D60FF00AB8C8A /* XCRemoteSwiftPackageReference "firebase-ios-sdk" */;
			productName = FirebaseFunctions;
		};
		DA8ACB1B2E8D60FF00AB8C8A /* FirebaseInAppMessaging-Beta */ = {
			isa = XCSwiftPackageProductDependency;
			package = DA8ACB082E8D60FF00AB8C8A /* XCRemoteSwiftPackageReference "firebase-ios-sdk" */;
			productName = "FirebaseInAppMessaging-Beta";
		};
/* End XCSwiftPackageProductDependency section */
	};
	rootObject = 595667372E76CF6300EA3FEF /* Project object */;
}
